{
  "dependencies": {
    "assertion-error": {
      "version": "1.0.2",
      "resolved": "https://registry.npmjs.org/assertion-error/-/assertion-error-1.0.2.tgz",
      "from": "assertion-error@>=1.0.1 <2.0.0"
    },
    "chai": {
      "version": "3.5.0",
      "resolved": "https://registry.npmjs.org/chai/-/chai-3.5.0.tgz",
      "from": "chai@3.5.0"
    },
    "chai-as-promised": {
      "version": "5.3.0",
      "resolved": "https://registry.npmjs.org/chai-as-promised/-/chai-as-promised-5.3.0.tgz",
      "from": "chai-as-promised@5.3.0"
    },
    "deep-eql": {
      "version": "0.1.3",
      "resolved": "https://registry.npmjs.org/deep-eql/-/deep-eql-0.1.3.tgz",
      "from": "deep-eql@>=0.1.3 <0.2.0",
      "dependencies": {
        "type-detect": {
          "version": "0.1.1",
          "resolved": "https://registry.npmjs.org/type-detect/-/type-detect-0.1.1.tgz",
          "from": "type-detect@0.1.1"
        }
      }
    },
    "formatio": {
      "version": "1.1.1",
      "resolved": "https://registry.npmjs.org/formatio/-/formatio-1.1.1.tgz",
      "from": "formatio@1.1.1"
    },
    "inherits": {
      "version": "2.0.1",
      "resolved": "https://registry.npmjs.org/inherits/-/inherits-2.0.1.tgz",
      "from": "inherits@2.0.1"
    },
    "jsverify": {
      "version": "0.7.1",
      "resolved": "https://registry.npmjs.org/jsverify/-/jsverify-0.7.1.tgz",
      "from": "jsverify@0.7.1"
    },
    "lazy-seq": {
      "version": "1.0.0",
      "resolved": "https://registry.npmjs.org/lazy-seq/-/lazy-seq-1.0.0.tgz",
      "from": "lazy-seq@>=1.0.0 <2.0.0"
    },
    "lolex": {
      "version": "1.3.2",
      "resolved": "https://registry.npmjs.org/lolex/-/lolex-1.3.2.tgz",
      "from": "lolex@1.3.2"
    },
    "rc4": {
      "version": "0.1.5",
      "resolved": "https://registry.npmjs.org/rc4/-/rc4-0.1.5.tgz",
      "from": "rc4@>=0.1.5 <0.2.0"
    },
    "samsam": {
      "version": "1.1.2",
      "resolved": "https://registry.npmjs.org/samsam/-/samsam-1.1.2.tgz",
      "from": "samsam@1.1.2"
    },
    "sinon": {
      "version": "1.17.5",
      "resolved": "https://registry.npmjs.org/sinon/-/sinon-1.17.5.tgz",
      "from": "sinon@1.17.5"
    },
    "sinon-chai": {
      "version": "2.8.0",
      "resolved": "https://registry.npmjs.org/sinon-chai/-/sinon-chai-2.8.0.tgz",
      "from": "sinon-chai@2.8.0"
    },
    "trampa": {
      "version": "1.0.0",
      "resolved": "https://registry.npmjs.org/trampa/-/trampa-1.0.0.tgz",
      "from": "trampa@>=1.0.0 <2.0.0"
    },
    "type-detect": {
      "version": "1.0.0",
      "resolved": "https://registry.npmjs.org/type-detect/-/type-detect-1.0.0.tgz",
      "from": "type-detect@>=1.0.0 <2.0.0"
    },
    "typify-parser": {
      "version": "1.1.0",
      "resolved": "https://registry.npmjs.org/typify-parser/-/typify-parser-1.1.0.tgz",
      "from": "typify-parser@>=1.1.0 <2.0.0"
    },
    "util": {
      "version": "0.10.3",
      "resolved": "https://registry.npmjs.org/util/-/util-0.10.3.tgz",
      "from": "util@>=0.10.3 <1.0.0"
    }
  }
}
