{
  "lockfileVersion": 1,
  "dependencies": {
    "@sinonjs/formatio": {
      "version": "2.0.0",
      "resolved": "https://registry.npmjs.org/@sinonjs/formatio/-/formatio-2.0.0.tgz",
      "integrity": "sha512-ls6CAMA6/5gG+O/IdsBcblvnd8qcO/l1TYoNeAzp3wcISOxlPXQEus0mLcdwazEkWjaBdaJ3TaxmNgCLWwvWzg=="
    },
    "assertion-error": {
      "version": "https://registry.npmjs.org/assertion-error/-/assertion-error-1.1.0.tgz",
      "integrity": "sha512-jgsaNduz+ndvGyFt3uSuWqvy4lCnIJiovtouQN5JZHOKCS2QuhEdbcQHFhVksz2N2U9hXJo8odG7ETyWlEeuDw=="
    },
    "chai": {
      "version": "https://registry.npmjs.org/chai/-/chai-4.1.2.tgz",
      "integrity": "sha512-YTHf80rJ8M5/cJoFKEV1y3PnexbGs0vSHjouRRU8gLM05Nc3Mqq9zor/P4SCqB/sgvKRLvya7wHLC1XQ9pTjgQ=="
    },
    "chai-as-promised": {
      "version": "https://registry.npmjs.org/chai-as-promised/-/chai-as-promised-7.1.1.tgz",
      "integrity": "sha512-azL6xMoi+uxu6z4rhWQ1jbdUhOMhis2PvscD/xjLqNMkv3BPPp2JyyuTHOrf9BOosGpNQ11v6BKv/g57RXbiaA=="
    },
    "check-error": {
      "version": "https://registry.npmjs.org/check-error/-/check-error-1.0.2.tgz",
      "integrity": "sha512-BrgHpW9NURQgzoNyjfq0Wu6VFO6D7IZEmJNdtgNqpzGG8RuNFHt2jQxWlAs4HMe119chBnv+34syEZtc6IhLtA=="
    },
    "deep-eql": {
      "version": "https://registry.npmjs.org/deep-eql/-/deep-eql-3.0.1.tgz",
      "integrity": "sha512-+QeIQyN5ZuO+3Uk5DYh6/1eKO0m0YmJFGNmFHGACpf1ClL1nmlV/p4gNgbl2pJGxgXb4faqo6UE+M5ACEMyVcw=="
    },
    "diff": {
      "version": "https://registry.npmjs.org/diff/-/diff-3.5.0.tgz",
      "integrity": "sha512-A46qtFgd+g7pDZinpnwiRJtxbC1hpgf0uzP3iG89scHk0AUC7A1TGxf5OiiOUv/JMZR8GOt8hL900hV0bOy5xA=="
    },
    "get-func-name": {
      "version": "https://registry.npmjs.org/get-func-name/-/get-func-name-2.0.0.tgz",
      "integrity": "sha512-Hm0ixYtaSZ/V7C8FJrtZIuBBI+iSgL+1Aq82zSu8VQNB4S3Gk8e7Qs3VwBDJAhmRZcFqkl3tQu36g/Foh5I5ig=="
    },
    "has-flag": {
      "version": "https://registry.npmjs.org/has-flag/-/has-flag-3.0.0.tgz",
      "integrity": "sha512-sKJf1+ceQBr4SMkvQnBDNDtf4TXpVhVGateu0t918bl30FnbE2m4vNLX+VWe/dpjlb+HugGYzW7uQXH98HPEYw=="
    },
    "isarray": {
      "version": "https://registry.npmjs.org/isarray/-/isarray-0.0.1.tgz",
      "integrity": "sha512-D2S+3GLxWH+uhrNEcoh/fnmYeP8E8/zHl644d/jdA0g2uyXvy3sb0qxotE+ne0LtccHknQzWwZEzhak7oJ0COQ=="
    },
    "jsverify": {
      "version": "https://registry.npmjs.org/jsverify/-/jsverify-0.8.3.tgz",
      "integrity": "sha512-+Ez8GkRkptfY7R/CpFJktmExwZ6PxaP6M9LWCPyjYDpSMpAnIGsAz//K9zKSSwsKhxSS1SRcT9e9bp5IGseCmg=="
    },
    "just-extend": {
      "version": "https://registry.npmjs.org/just-extend/-/just-extend-1.1.27.tgz",
      "integrity": "sha512-mJVp13Ix6gFo3SBAy9U/kL+oeZqzlYYYLQBwXVBlVzIsZwBqGREnOro24oC/8s8aox+rJhtZ2DiQof++IrkA+g=="
    },
    "lazy-seq": {
      "version": "https://registry.npmjs.org/lazy-seq/-/lazy-seq-1.0.0.tgz",
      "integrity": "sha512-AQ4vRcnULa7FX6R6YTAjKQAE1MuEThidVQm0TEtTpedaBpnOwid5k6go16E5NDkafel1xAsZL73WkwdG03IzhA=="
    },
    "lodash.get": {
      "version": "https://registry.npmjs.org/lodash.get/-/lodash.get-4.4.2.tgz",
      "integrity": "sha512-z+Uw/vLuy6gQe8cfaFWD7p0wVv8fJl3mbzXh33RS+0oW2wvUqiRXiQ69gLWSLpgB5/6sU+r6BlQR0MBILadqTQ=="
    },
    "lolex": {
      "version": "https://registry.npmjs.org/lolex/-/lolex-2.7.0.tgz",
      "integrity": "sha512-uJkH2e0BVfU5KOJUevbTOtpDduooSarH5PopO+LfM/vZf8Z9sJzODqKev804JYM2i++ktJfUmC1le4LwFQ1VMg=="
    },
    "nise": {
      "version": "https://registry.npmjs.org/nise/-/nise-1.4.2.tgz",
      "integrity": "sha512-BxH/DxoQYYdhKgVAfqVy4pzXRZELHOIewzoesxpjYvpU+7YOalQhGNPf7wAx8pLrTNPrHRDlLOkAl8UI0ZpXjw=="
    },
    "path-to-regexp": {
      "version": "https://registry.npmjs.org/path-to-regexp/-/path-to-regexp-1.7.0.tgz",
      "integrity": "sha512-nifX1uj4S9IrK/w3Xe7kKvNEepXivANs9ng60Iq7PU/BlouV3yL/VUhFqTuTq33ykwUqoNcTeGo5vdOBP4jS/Q=="
    },
    "pathval": {
      "version": "https://registry.npmjs.org/pathval/-/pathval-1.1.0.tgz",
      "integrity": "sha512-qZ181q3ICkag/+lv1X6frDUF84pqCm30qild3LGbD84n0AC75CYwnWsQRDlpz7zDkU5NVcmhHh4LjXK0goLYZA=="
    },
    "rc4": {
      "version": "https://registry.npmjs.org/rc4/-/rc4-0.1.5.tgz",
      "integrity": "sha512-xdDTNV90z5x5u25Oc871Xnvu7yAr4tV7Eluh0VSvrhUkry39q1k+zkz7xroqHbRq+8PiazySHJPArqifUvz9VA=="
    },
    "samsam": {
      "version": "https://registry.npmjs.org/samsam/-/samsam-1.3.0.tgz",
      "integrity": "sha512-1HwIYD/8UlOtFS3QO3w7ey+SdSDFE4HRNLZoZRYVQefrOY3l17epswImeB1ijgJFQJodIaHcwkp3r/myBjFVbg=="
    },
    "sinon": {
      "version": "https://registry.npmjs.org/sinon/-/sinon-6.1.0.tgz",
      "integrity": "sha512-BSt7qfCyoqMcPVK0c+olyjaa2DB0DTyOBpHmGC3goiHmNa8NE+4/ZJlUi693VS0WPgvR0rc6nYvASXYZMiibhw=="
    },
    "sinon-chai": {
      "version": "https://registry.npmjs.org/sinon-chai/-/sinon-chai-3.2.0.tgz",
      "integrity": "sha512-Z72B4a0l0IQe5uWi9yzcqX/Ml6K9e1Hp03NmkjJnRG3gDsKTX7KvLFZsVUmCaz0eqeXLLK089mwTsP1P1W+DUQ=="
    },
    "supports-color": {
      "version": "https://registry.npmjs.org/supports-color/-/supports-color-5.4.0.tgz",
      "integrity": "sha512-zjaXglF5nnWpsq470jSv6P9DwPvgLkuapYmfDm3JWOm0vkNTVF2tI4UrN2r6jH1qM/uc/WtxYY1hYoA2dOKj5w=="
    },
    "text-encoding": {
      "version": "https://registry.npmjs.org/text-encoding/-/text-encoding-0.6.4.tgz",
      "integrity": "sha512-hJnc6Qg3dWoOMkqP53F0dzRIgtmsAge09kxUIqGrEUS4qr5rWLckGYaQAVr+opBrIMRErGgy6f5aPnyPpyGRfg=="
    },
    "trampa": {
      "version": "https://registry.npmjs.org/trampa/-/trampa-1.0.0.tgz",
      "integrity": "sha512-Xo4tWwvow4jTgwgWw/fz7fZNEDQ0Rwk1op5QbobPREh2aL9NEsw+D6Pg/OByw2zqlWinCKdzLJnLyXmrpU+OdQ=="
    },
    "type-detect": {
      "version": "https://registry.npmjs.org/type-detect/-/type-detect-4.0.8.tgz",
      "integrity": "sha512-0fr/mIH1dlO+x7TlcMy+bIDqKPsw/70tVyeHW787goQjhmqaZe10uwLujubK9q9Lg6Fiho1KUKDYz0Z7k7g5/g=="
    },
    "typify-parser": {
      "version": "https://registry.npmjs.org/typify-parser/-/typify-parser-1.1.0.tgz",
      "integrity": "sha512-p5+L1sc6Al3bcStMwiZNxDh4ii4JxL+famEbSIUuOUMVoNn9Nz27AT1jL3x7poMHxqKK0UQIUAp5lGkKbyKkFA=="
    }
  }
}
